
Microsoft Visual Studio Solution File, Format Version 12.00
# Visual Studio Version 16
VisualStudioVersion = 16.0.31702.278
MinimumVisualStudioVersion = 10.0.40219.1
Project("{9A19103F-16F7-4668-BE54-9A1E7A4F7556}") = "HoroscopeApplication", "HoroscopeApplication\HoroscopeApplication.csproj", "{A82C59F5-65BD-44AA-95A0-C473EB8A3CD1}"
EndProject
Project("{FAE04EC0-301F-11D3-BF4B-00C04F79EFBC}") = "HoroscopeApplication.Test", "HoroscopeApplication.Test\HoroscopeApplication.Test.csproj", "{C8DDBD7E-1D69-4FCD-A9CA-8EF41390CB6A}"
EndProject
Global
	GlobalSection(SolutionConfigurationPlatforms) = preSolution
		Debug|Any CPU = Debug|Any CPU
		Release|Any CPU = Release|Any CPU
	EndGlobalSection
	GlobalSection(ProjectConfigurationPlatforms) = postSolution
		{A82C59F5-65BD-44AA-95A0-C473EB8A3CD1}.Debug|Any CPU.ActiveCfg = Debug|Any CPU
		{A82C59F5-65BD-44AA-95A0-C473EB8A3CD1}.Debug|Any CPU.Build.0 = Debug|Any CPU
		{A82C59F5-65BD-44AA-95A0-C473EB8A3CD1}.Release|Any CPU.ActiveCfg = Release|Any CPU
		{A82C59F5-65BD-44AA-95A0-C473EB8A3CD1}.Release|Any CPU.Build.0 = Release|Any CPU
		{C8DDBD7E-1D69-4FCD-A9CA-8EF41390CB6A}.Debug|Any CPU.ActiveCfg = Debug|Any CPU
		{C8DDBD7E-1D69-4FCD-A9CA-8EF41390CB6A}.Debug|Any CPU.Build.0 = Debug|Any CPU
		{C8DDBD7E-1D69-4FCD-A9CA-8EF41390CB6A}.Release|Any CPU.ActiveCfg = Release|Any CPU
		{C8DDBD7E-1D69-4FCD-A9CA-8EF41390CB6A}.Release|Any CPU.Build.0 = Release|Any CPU
	EndGlobalSection
	GlobalSection(SolutionProperties) = preSolution
		HideSolutionNode = FALSE
	EndGlobalSection
	GlobalSection(ExtensibilityGlobals) = postSolution
		SolutionGuid = {EFE8992F-7B92-4C16-9C76-5C5263FB6074}
	EndGlobalSection
EndGlobal
